
Microsoft Visual Studio Solution File, Format Version 12.00
# Visual Studio Version 17
VisualStudioVersion = 17.9.34902.65
MinimumVisualStudioVersion = 10.0.40219.1
Project("{9A19103F-16F7-4668-BE54-9A1E7A4F7556}") = "Dio-Veiculos.API", "Dio-Veiculos.API\Dio-Veiculos.API.csproj", "{CD821585-D1EB-43FC-B6A7-9AD0E9AADB10}"
EndProject
Project("{FAE04EC0-301F-11D3-BF4B-00C04F79EFBC}") = "Dio-Veiculos.Test", "Dio-Veiculos.Tests\Dio-Veiculos.Test\Dio-Veiculos.Test.csproj", "{88FD16D3-11A4-4992-87E0-B18F948D0900}"
EndProject
Global
	GlobalSection(SolutionConfigurationPlatforms) = preSolution
		Debug|Any CPU = Debug|Any CPU
		Release|Any CPU = Release|Any CPU
	EndGlobalSection
	GlobalSection(ProjectConfigurationPlatforms) = postSolution
		{CD821585-D1EB-43FC-B6A7-9AD0E9AADB10}.Debug|Any CPU.ActiveCfg = Debug|Any CPU
		{CD821585-D1EB-43FC-B6A7-9AD0E9AADB10}.Debug|Any CPU.Build.0 = Debug|Any CPU
		{CD821585-D1EB-43FC-B6A7-9AD0E9AADB10}.Release|Any CPU.ActiveCfg = Release|Any CPU
		{CD821585-D1EB-43FC-B6A7-9AD0E9AADB10}.Release|Any CPU.Build.0 = Release|Any CPU
		{88FD16D3-11A4-4992-87E0-B18F948D0900}.Debug|Any CPU.ActiveCfg = Debug|Any CPU
		{88FD16D3-11A4-4992-87E0-B18F948D0900}.Debug|Any CPU.Build.0 = Debug|Any CPU
		{88FD16D3-11A4-4992-87E0-B18F948D0900}.Release|Any CPU.ActiveCfg = Release|Any CPU
		{88FD16D3-11A4-4992-87E0-B18F948D0900}.Release|Any CPU.Build.0 = Release|Any CPU
	EndGlobalSection
	GlobalSection(SolutionProperties) = preSolution
		HideSolutionNode = FALSE
	EndGlobalSection
	GlobalSection(ExtensibilityGlobals) = postSolution
		SolutionGuid = {59D802C4-9133-475C-9EA0-51AD8A3E3697}
	EndGlobalSection
EndGlobal
